
Microsoft Visual Studio Solution File, Format Version 12.00
# Visual Studio Version 17
VisualStudioVersion = 17.2.32630.192
MinimumVisualStudioVersion = 10.0.40219.1
Project("{FAE04EC0-301F-11D3-BF4B-00C04F79EFBC}") = "TodoApp", "TodoApp\TodoApp.csproj", "{9EEEE406-E5BE-4154-859A-AA2EF1761F87}"
EndProject
Project("{FAE04EC0-301F-11D3-BF4B-00C04F79EFBC}") = "TodoAppDatabase", "TodoAppDatabase\TodoAppDatabase.csproj", "{1424062A-139A-44DD-AAA9-2175BD1A75AA}"
EndProject
Global
	GlobalSection(SolutionConfigurationPlatforms) = preSolution
		Debug|Any CPU = Debug|Any CPU
		Release|Any CPU = Release|Any CPU
	EndGlobalSection
	GlobalSection(ProjectConfigurationPlatforms) = postSolution
		{9EEEE406-E5BE-4154-859A-AA2EF1761F87}.Debug|Any CPU.ActiveCfg = Debug|Any CPU
		{9EEEE406-E5BE-4154-859A-AA2EF1761F87}.Debug|Any CPU.Build.0 = Debug|Any CPU
		{9EEEE406-E5BE-4154-859A-AA2EF1761F87}.Release|Any CPU.ActiveCfg = Release|Any CPU
		{9EEEE406-E5BE-4154-859A-AA2EF1761F87}.Release|Any CPU.Build.0 = Release|Any CPU
		{1424062A-139A-44DD-AAA9-2175BD1A75AA}.Debug|Any CPU.ActiveCfg = Debug|Any CPU
		{1424062A-139A-44DD-AAA9-2175BD1A75AA}.Debug|Any CPU.Build.0 = Debug|Any CPU
		{1424062A-139A-44DD-AAA9-2175BD1A75AA}.Release|Any CPU.ActiveCfg = Release|Any CPU
		{1424062A-139A-44DD-AAA9-2175BD1A75AA}.Release|Any CPU.Build.0 = Release|Any CPU
	EndGlobalSection
	GlobalSection(SolutionProperties) = preSolution
		HideSolutionNode = FALSE
	EndGlobalSection
	GlobalSection(ExtensibilityGlobals) = postSolution
		SolutionGuid = {13107B25-60B4-4738-A66D-B999C2EA2A72}
	EndGlobalSection
EndGlobal
